
Microsoft Visual Studio Solution File, Format Version 10.00
# Visual Studio 2008
Project("{FAE04EC0-301F-11D3-BF4B-00C04F79EFBC}") = "MusicLand", "MusicLand.csproj", "{FB530E90-9CC9-43F1-9EF3-E120117BE423}"
EndProject
Global
	GlobalSection(SolutionConfigurationPlatforms) = preSolution
		Debug|Any CPU = Debug|Any CPU
		Release|Any CPU = Release|Any CPU
	EndGlobalSection
	GlobalSection(ProjectConfigurationPlatforms) = postSolution
		{FB530E90-9CC9-43F1-9EF3-E120117BE423}.Debug|Any CPU.ActiveCfg = Debug|Any CPU
		{FB530E90-9CC9-43F1-9EF3-E120117BE423}.Debug|Any CPU.Build.0 = Debug|Any CPU
		{FB530E90-9CC9-43F1-9EF3-E120117BE423}.Release|Any CPU.ActiveCfg = Release|Any CPU
		{FB530E90-9CC9-43F1-9EF3-E120117BE423}.Release|Any CPU.Build.0 = Release|Any CPU
	EndGlobalSection
	GlobalSection(SolutionProperties) = preSolution
		HideSolutionNode = FALSE
	EndGlobalSection
EndGlobal
